
Microsoft Visual Studio Solution File, Format Version 12.00
# Visual Studio Version 16
VisualStudioVersion = 16.0.31112.23
MinimumVisualStudioVersion = 10.0.40219.1
Project("{FAE04EC0-301F-11D3-BF4B-00C04F79EFBC}") = "HttpProxyServer", "HttpProxyServer\HttpProxyServer.csproj", "{807121B4-E198-45C5-98B8-8C7CA66FB22F}"
EndProject
Global
	GlobalSection(SolutionConfigurationPlatforms) = preSolution
		Debug|Any CPU = Debug|Any CPU
		Release|Any CPU = Release|Any CPU
	EndGlobalSection
	GlobalSection(ProjectConfigurationPlatforms) = postSolution
		{807121B4-E198-45C5-98B8-8C7CA66FB22F}.Debug|Any CPU.ActiveCfg = Debug|Any CPU
		{807121B4-E198-45C5-98B8-8C7CA66FB22F}.Debug|Any CPU.Build.0 = Debug|Any CPU
		{807121B4-E198-45C5-98B8-8C7CA66FB22F}.Release|Any CPU.ActiveCfg = Release|Any CPU
		{807121B4-E198-45C5-98B8-8C7CA66FB22F}.Release|Any CPU.Build.0 = Release|Any CPU
	EndGlobalSection
	GlobalSection(SolutionProperties) = preSolution
		HideSolutionNode = FALSE
	EndGlobalSection
	GlobalSection(ExtensibilityGlobals) = postSolution
		SolutionGuid = {2B5B9E6C-22D3-44EB-87F1-73591868714F}
	EndGlobalSection
EndGlobal
